// !$*UTF8*$!
{
	archiveVersion = 1;
	classes = {
	};
	objectVersion = 77;
	objects = {

/* Begin PBXBuildFile section */
		3826404E2F2F67A500E1FCC0 /* Flow in Frameworks */ = {isa = PBXBuildFile; productRef = 3826404D2F2F67A500E1FCC0 /* Flow */; };
		385777BD2F30B37200346515 /* Alamofire in Frameworks */ = {isa = PBXBuildFile; productRef = 385777BC2F30B37200346515 /* Alamofire */; };
		385777C12F311EA800346515 /* Logo.icon in Resources */ = {isa = PBXBuildFile; fileRef = 385777C02F311EA800346515 /* Logo.icon */; };
		385A91C52F2CC302006CCF47 /* ArclumeUITestsLaunchTests.swift in Sources */ = {isa = PBXBuildFile; fileRef = 385A91C32F2CC302006CCF47 /* ArclumeUITestsLaunchTests.swift */; };
		385A91CE2F2D1561006CCF47 /* Kingfisher in Frameworks */ = {isa = PBXBuildFile; productRef = 385A91CD2F2D1561006CCF47 /* Kingfisher */; };
/* End PBXBuildFile section */

/* Begin PBXContainerItemProxy section */
		383306972F2BE63E00228E6C /* PBXContainerItemProxy */ = {
			isa = PBXContainerItemProxy;
			containerPortal = 3833067C2F2BE63D00228E6C /* Project object */;
			proxyType = 1;
			remoteGlobalIDString = 383306832F2BE63D00228E6C;
			remoteInfo = Arclume;
		};
		383306A12F2BE63E00228E6C /* PBXContainerItemProxy */ = {
			isa = PBXContainerItemProxy;
			containerPortal = 3833067C2F2BE63D00228E6C /* Project object */;
			proxyType = 1;
			remoteGlobalIDString = 383306832F2BE63D00228E6C;
			remoteInfo = Arclume;
		};
/* End PBXContainerItemProxy section */

/* Begin PBXFileReference section */
		383306842F2BE63D00228E6C /* Arclume.app */ = {isa = PBXFileReference; explicitFileType = wrapper.application; includeInIndex = 0; path = Arclume.app; sourceTree = BUILT_PRODUCTS_DIR; };
		383306962F2BE63E00228E6C /* ArclumeTests.xctest */ = {isa = PBXFileReference; explicitFileType = wrapper.cfbundle; includeInIndex = 0; path = ArclumeTests.xctest; sourceTree = BUILT_PRODUCTS_DIR; };
		383306A02F2BE63E00228E6C /* ArclumeUITests.xctest */ = {isa = PBXFileReference; explicitFileType = wrapper.cfbundle; includeInIndex = 0; path = ArclumeUITests.xctest; sourceTree = BUILT_PRODUCTS_DIR; };
		385777C02F311EA800346515 /* Logo.icon */ = {isa = PBXFileReference; lastKnownFileType = folder.iconcomposer.icon; path = Logo.icon; sourceTree = "<group>"; };
		385A91C32F2CC302006CCF47 /* ArclumeUITestsLaunchTests.swift */ = {isa = PBXFileReference; lastKnownFileType = sourcecode.swift; path = ArclumeUITestsLaunchTests.swift; sourceTree = "<group>"; };
/* End PBXFileReference section */

/* Begin PBXFileSystemSynchronizedBuildFileExceptionSet section */
		38183F682F2D5F6C00EB0330 /* Exceptions for "Arclume" folder in "Arclume" target */ = {
			isa = PBXFileSystemSynchronizedBuildFileExceptionSet;
			membershipExceptions = (
				Libs/d3dMetal3,
				Libs/d3dMetal4,
				Config.xcconfig,
				Info.plist,
				Resources/OnlineGameDependencies/Fonts/NotoSansCJKsc-Regular.otf,
				"Libs/libMoltenVK-dbh.dylib",
				"Libs/libMoltenVK-experimental.dylib",
				"Libs/libMoltenVK-latest.dylib",
				Libs/libvulkan_kosmickrisp.dylib,
			);
			target = 383306832F2BE63D00228E6C /* Arclume */;
		};
/* End PBXFileSystemSynchronizedBuildFileExceptionSet section */

/* Begin PBXFileSystemSynchronizedGroupBuildPhaseMembershipExceptionSet section */
		38E53BC32F68707F00C9FF59 /* Exceptions for "Arclume" folder in "Copy Bundle Resources" phase from "Arclume" target */ = {
			isa = PBXFileSystemSynchronizedGroupBuildPhaseMembershipExceptionSet;
			buildPhase = 383306822F2BE63D00228E6C /* Resources */;
			membershipExceptions = (
				"Libs/libMoltenVK-dbh.dylib",
				"Libs/libMoltenVK-experimental.dylib",
				"Libs/libMoltenVK-latest.dylib",
				Libs/libvulkan_kosmickrisp.dylib,
			);
		};
/* End PBXFileSystemSynchronizedGroupBuildPhaseMembershipExceptionSet section */

/* Begin PBXFileSystemSynchronizedRootGroup section */
		383306862F2BE63D00228E6C /* Arclume */ = {
			isa = PBXFileSystemSynchronizedRootGroup;
			exceptions = (
				38183F682F2D5F6C00EB0330 /* Exceptions for "Arclume" folder in "Arclume" target */,
				38E53BC32F68707F00C9FF59 /* Exceptions for "Arclume" folder in "Copy Bundle Resources" phase from "Arclume" target */,
			);
			explicitFolders = (
				Libs/d3dMetal3,
				Libs/d3dMetal4,
				Libs/d9vk,
				Libs/dxvk,
				Libs/wine,
			);
			path = Arclume;
			sourceTree = "<group>";
		};
		383306992F2BE63E00228E6C /* ArclumeTests */ = {
			isa = PBXFileSystemSynchronizedRootGroup;
			path = ArclumeTests;
			sourceTree = "<group>";
		};
		383306A32F2BE63E00228E6C /* ArclumeUITests */ = {
			isa = PBXFileSystemSynchronizedRootGroup;
			path = ArclumeUITests;
			sourceTree = "<group>";
		};
/* End PBXFileSystemSynchronizedRootGroup section */

/* Begin PBXFrameworksBuildPhase section */
		383306812F2BE63D00228E6C /* Frameworks */ = {
			isa = PBXFrameworksBuildPhase;
			buildActionMask = 2147483647;
			files = (
				385777BD2F30B37200346515 /* Alamofire in Frameworks */,
				3826404E2F2F67A500E1FCC0 /* Flow in Frameworks */,
				385A91CE2F2D1561006CCF47 /* Kingfisher in Frameworks */,
			);
			runOnlyForDeploymentPostprocessing = 0;
		};
		383306932F2BE63E00228E6C /* Frameworks */ = {
			isa = PBXFrameworksBuildPhase;
			buildActionMask = 2147483647;
			files = (
			);
			runOnlyForDeploymentPostprocessing = 0;
		};
		3833069D2F2BE63E00228E6C /* Frameworks */ = {
			isa = PBXFrameworksBuildPhase;
			buildActionMask = 2147483647;
			files = (
			);
			runOnlyForDeploymentPostprocessing = 0;
		};
/* End PBXFrameworksBuildPhase section */

/* Begin PBXGroup section */
		3826404C2F2F67A500E1FCC0 /* Frameworks */ = {
			isa = PBXGroup;
			children = (
			);
			name = Frameworks;
			sourceTree = "<group>";
		};
		3833067B2F2BE63D00228E6C = {
			isa = PBXGroup;
			children = (
				383306862F2BE63D00228E6C /* Arclume */,
				383306992F2BE63E00228E6C /* ArclumeTests */,
				383306A32F2BE63E00228E6C /* ArclumeUITests */,
				385A91C32F2CC302006CCF47 /* ArclumeUITestsLaunchTests.swift */,
				3826404C2F2F67A500E1FCC0 /* Frameworks */,
				383306852F2BE63D00228E6C /* Products */,
				385777C02F311EA800346515 /* Logo.icon */,
			);
			sourceTree = "<group>";
		};
		383306852F2BE63D00228E6C /* Products */ = {
			isa = PBXGroup;
			children = (
				383306842F2BE63D00228E6C /* Arclume.app */,
				383306962F2BE63E00228E6C /* ArclumeTests.xctest */,
				383306A02F2BE63E00228E6C /* ArclumeUITests.xctest */,
			);
			name = Products;
			sourceTree = "<group>";
		};
/* End PBXGroup section */

/* Begin PBXNativeTarget section */
		383306832F2BE63D00228E6C /* Arclume */ = {
			isa = PBXNativeTarget;
			buildConfigurationList = 383306AA2F2BE63E00228E6C /* Build configuration list for PBXNativeTarget "Arclume" */;
			buildPhases = (
				383306802F2BE63D00228E6C /* Sources */,
				383306812F2BE63D00228E6C /* Frameworks */,
				383306822F2BE63D00228E6C /* Resources */,
			);
			buildRules = (
			);
			dependencies = (
			);
			fileSystemSynchronizedGroups = (
				383306862F2BE63D00228E6C /* Arclume */,
			);
			name = Arclume;
			packageProductDependencies = (
				385A91CD2F2D1561006CCF47 /* Kingfisher */,
				3826404D2F2F67A500E1FCC0 /* Flow */,
				385777BC2F30B37200346515 /* Alamofire */,
			);
			productName = Arclume;
			productReference = 383306842F2BE63D00228E6C /* Arclume.app */;
			productType = "com.apple.product-type.application";
		};
		383306952F2BE63E00228E6C /* ArclumeTests */ = {
			isa = PBXNativeTarget;
			buildConfigurationList = 383306AD2F2BE63E00228E6C /* Build configuration list for PBXNativeTarget "ArclumeTests" */;
			buildPhases = (
				383306922F2BE63E00228E6C /* Sources */,
				383306932F2BE63E00228E6C /* Frameworks */,
				383306942F2BE63E00228E6C /* Resources */,
			);
			buildRules = (
			);
			dependencies = (
				383306982F2BE63E00228E6C /* PBXTargetDependency */,
			);
			fileSystemSynchronizedGroups = (
				383306992F2BE63E00228E6C /* ArclumeTests */,
			);
			name = ArclumeTests;
			packageProductDependencies = (
			);
			productName = ArclumeTests;
			productReference = 383306962F2BE63E00228E6C /* ArclumeTests.xctest */;
			productType = "com.apple.product-type.bundle.unit-test";
		};
		3833069F2F2BE63E00228E6C /* ArclumeUITests */ = {
			isa = PBXNativeTarget;
			buildConfigurationList = 383306B02F2BE63E00228E6C /* Build configuration list for PBXNativeTarget "ArclumeUITests" */;
			buildPhases = (
				3833069C2F2BE63E00228E6C /* Sources */,
				3833069D2F2BE63E00228E6C /* Frameworks */,
				3833069E2F2BE63E00228E6C /* Resources */,
			);
			buildRules = (
			);
			dependencies = (
				383306A22F2BE63E00228E6C /* PBXTargetDependency */,
			);
			fileSystemSynchronizedGroups = (
				383306A32F2BE63E00228E6C /* ArclumeUITests */,
			);
			name = ArclumeUITests;
			packageProductDependencies = (
			);
			productName = ArclumeUITests;
			productReference = 383306A02F2BE63E00228E6C /* ArclumeUITests.xctest */;
			productType = "com.apple.product-type.bundle.ui-testing";
		};
/* End PBXNativeTarget section */

/* Begin PBXProject section */
		3833067C2F2BE63D00228E6C /* Project object */ = {
			isa = PBXProject;
			attributes = {
				BuildIndependentTargetsInParallel = 1;
				LastSwiftUpdateCheck = 2620;
				LastUpgradeCheck = 2640;
				TargetAttributes = {
					383306832F2BE63D00228E6C = {
						CreatedOnToolsVersion = 26.2;
					};
					383306952F2BE63E00228E6C = {
						CreatedOnToolsVersion = 26.2;
						TestTargetID = 383306832F2BE63D00228E6C;
					};
					3833069F2F2BE63E00228E6C = {
						CreatedOnToolsVersion = 26.2;
						TestTargetID = 383306832F2BE63D00228E6C;
					};
				};
			};
			buildConfigurationList = 3833067F2F2BE63D00228E6C /* Build configuration list for PBXProject "Arclume" */;
			developmentRegion = en;
			hasScannedForEncodings = 0;
			knownRegions = (
				en,
				"zh-Hans",
				Base,
			);
			mainGroup = 3833067B2F2BE63D00228E6C;
			minimizedProjectReferenceProxies = 1;
			packageReferences = (
				385A91CC2F2D1561006CCF47 /* XCRemoteSwiftPackageReference "Kingfisher" */,
				3826402E2F2F655600E1FCC0 /* XCRemoteSwiftPackageReference "SwiftUI-Flow" */,
				385777BB2F30B37200346515 /* XCRemoteSwiftPackageReference "Alamofire" */,
			);
			preferredProjectObjectVersion = 77;
			productRefGroup = 383306852F2BE63D00228E6C /* Products */;
			projectDirPath = "";
			projectRoot = "";
			targets = (
				383306832F2BE63D00228E6C /* Arclume */,
				383306952F2BE63E00228E6C /* ArclumeTests */,
				3833069F2F2BE63E00228E6C /* ArclumeUITests */,
			);
		};
/* End PBXProject section */

/* Begin PBXResourcesBuildPhase section */
		383306822F2BE63D00228E6C /* Resources */ = {
			isa = PBXResourcesBuildPhase;
			buildActionMask = 2147483647;
			files = (
				385777C12F311EA800346515 /* Logo.icon in Resources */,
			);
			runOnlyForDeploymentPostprocessing = 0;
		};
		383306942F2BE63E00228E6C /* Resources */ = {
			isa = PBXResourcesBuildPhase;
			buildActionMask = 2147483647;
			files = (
			);
			runOnlyForDeploymentPostprocessing = 0;
		};
		3833069E2F2BE63E00228E6C /* Resources */ = {
			isa = PBXResourcesBuildPhase;
			buildActionMask = 2147483647;
			files = (
			);
			runOnlyForDeploymentPostprocessing = 0;
		};
/* End PBXResourcesBuildPhase section */

/* Begin PBXSourcesBuildPhase section */
		383306802F2BE63D00228E6C /* Sources */ = {
			isa = PBXSourcesBuildPhase;
			buildActionMask = 2147483647;
			files = (
			);
			runOnlyForDeploymentPostprocessing = 0;
		};
		383306922F2BE63E00228E6C /* Sources */ = {
			isa = PBXSourcesBuildPhase;
			buildActionMask = 2147483647;
			files = (
			);
			runOnlyForDeploymentPostprocessing = 0;
		};
		3833069C2F2BE63E00228E6C /* Sources */ = {
			isa = PBXSourcesBuildPhase;
			buildActionMask = 2147483647;
			files = (
				385A91C52F2CC302006CCF47 /* ArclumeUITestsLaunchTests.swift in Sources */,
			);
			runOnlyForDeploymentPostprocessing = 0;
		};
/* End PBXSourcesBuildPhase section */

/* Begin PBXTargetDependency section */
		383306982F2BE63E00228E6C /* PBXTargetDependency */ = {
			isa = PBXTargetDependency;
			target = 383306832F2BE63D00228E6C /* Arclume */;
			targetProxy = 383306972F2BE63E00228E6C /* PBXContainerItemProxy */;
		};
		383306A22F2BE63E00228E6C /* PBXTargetDependency */ = {
			isa = PBXTargetDependency;
			target = 383306832F2BE63D00228E6C /* Arclume */;
			targetProxy = 383306A12F2BE63E00228E6C /* PBXContainerItemProxy */;
		};
/* End PBXTargetDependency section */

/* Begin XCBuildConfiguration section */
		383306A82F2BE63E00228E6C /* Debug */ = {
			isa = XCBuildConfiguration;
			buildSettings = {
				ALWAYS_SEARCH_USER_PATHS = NO;
				ASSETCATALOG_COMPILER_GENERATE_SWIFT_ASSET_SYMBOL_EXTENSIONS = YES;
				CLANG_ANALYZER_NONNULL = YES;
				CLANG_ANALYZER_NUMBER_OBJECT_CONVERSION = YES_AGGRESSIVE;
				CLANG_CXX_LANGUAGE_STANDARD = "gnu++20";
				CLANG_ENABLE_MODULES = YES;
				CLANG_ENABLE_OBJC_ARC = YES;
				CLANG_ENABLE_OBJC_WEAK = YES;
				CLANG_WARN_BLOCK_CAPTURE_AUTORELEASING = YES;
				CLANG_WARN_BOOL_CONVERSION = YES;
				CLANG_WARN_COMMA = YES;
				CLANG_WARN_CONSTANT_CONVERSION = YES;
				CLANG_WARN_DEPRECATED_OBJC_IMPLEMENTATIONS = YES;
				CLANG_WARN_DIRECT_OBJC_ISA_USAGE = YES_ERROR;
				CLANG_WARN_DOCUMENTATION_COMMENTS = YES;
				CLANG_WARN_EMPTY_BODY = YES;
				CLANG_WARN_ENUM_CONVERSION = YES;
				CLANG_WARN_INFINITE_RECURSION = YES;
				CLANG_WARN_INT_CONVERSION = YES;
				CLANG_WARN_NON_LITERAL_NULL_CONVERSION = YES;
				CLANG_WARN_OBJC_IMPLICIT_RETAIN_SELF = YES;
				CLANG_WARN_OBJC_LITERAL_CONVERSION = YES;
				CLANG_WARN_OBJC_ROOT_CLASS = YES_ERROR;
				CLANG_WARN_QUOTED_INCLUDE_IN_FRAMEWORK_HEADER = YES;
				CLANG_WARN_RANGE_LOOP_ANALYSIS = YES;
				CLANG_WARN_STRICT_PROTOTYPES = YES;
				CLANG_WARN_SUSPICIOUS_MOVE = YES;
				CLANG_WARN_UNGUARDED_AVAILABILITY = YES_AGGRESSIVE;
				CLANG_WARN_UNREACHABLE_CODE = YES;
				CLANG_WARN__DUPLICATE_METHOD_MATCH = YES;
				COPY_PHASE_STRIP = NO;
				DEAD_CODE_STRIPPING = YES;
				DEBUG_INFORMATION_FORMAT = dwarf;
				DEVELOPMENT_TEAM = S5P3AKN3YC;
				ENABLE_STRICT_OBJC_MSGSEND = YES;
				ENABLE_TESTABILITY = YES;
				ENABLE_USER_SCRIPT_SANDBOXING = YES;
				GCC_C_LANGUAGE_STANDARD = gnu17;
				GCC_DYNAMIC_NO_PIC = NO;
				GCC_NO_COMMON_BLOCKS = YES;
				GCC_OPTIMIZATION_LEVEL = 0;
				GCC_PREPROCESSOR_DEFINITIONS = (
					"DEBUG=1",
					"$(inherited)",
				);
				GCC_WARN_64_TO_32_BIT_CONVERSION = YES;
				GCC_WARN_ABOUT_RETURN_TYPE = YES_ERROR;
				GCC_WARN_UNDECLARED_SELECTOR = YES;
				GCC_WARN_UNINITIALIZED_AUTOS = YES_AGGRESSIVE;
				GCC_WARN_UNUSED_FUNCTION = YES;
				GCC_WARN_UNUSED_VARIABLE = YES;
				LOCALIZATION_PREFERS_STRING_CATALOGS = YES;
				MACOSX_DEPLOYMENT_TARGET = 26.0;
				MTL_ENABLE_DEBUG_INFO = INCLUDE_SOURCE;
				MTL_FAST_MATH = YES;
				ONLY_ACTIVE_ARCH = YES;
				SDKROOT = macosx;
				STRING_CATALOG_GENERATE_SYMBOLS = YES;
				SWIFT_ACTIVE_COMPILATION_CONDITIONS = "DEBUG $(inherited)";
				SWIFT_OPTIMIZATION_LEVEL = "-Onone";
			};
			name = Debug;
		};
		383306A92F2BE63E00228E6C /* Release */ = {
			isa = XCBuildConfiguration;
			buildSettings = {
				ALWAYS_SEARCH_USER_PATHS = NO;
				ASSETCATALOG_COMPILER_GENERATE_SWIFT_ASSET_SYMBOL_EXTENSIONS = YES;
				CLANG_ANALYZER_NONNULL = YES;
				CLANG_ANALYZER_NUMBER_OBJECT_CONVERSION = YES_AGGRESSIVE;
				CLANG_CXX_LANGUAGE_STANDARD = "gnu++20";
				CLANG_ENABLE_MODULES = YES;
				CLANG_ENABLE_OBJC_ARC = YES;
				CLANG_ENABLE_OBJC_WEAK = YES;
				CLANG_WARN_BLOCK_CAPTURE_AUTORELEASING = YES;
				CLANG_WARN_BOOL_CONVERSION = YES;
				CLANG_WARN_COMMA = YES;
				CLANG_WARN_CONSTANT_CONVERSION = YES;
				CLANG_WARN_DEPRECATED_OBJC_IMPLEMENTATIONS = YES;
				CLANG_WARN_DIRECT_OBJC_ISA_USAGE = YES_ERROR;
				CLANG_WARN_DOCUMENTATION_COMMENTS = YES;
				CLANG_WARN_EMPTY_BODY = YES;
				CLANG_WARN_ENUM_CONVERSION = YES;
				CLANG_WARN_INFINITE_RECURSION = YES;
				CLANG_WARN_INT_CONVERSION = YES;
				CLANG_WARN_NON_LITERAL_NULL_CONVERSION = YES;
				CLANG_WARN_OBJC_IMPLICIT_RETAIN_SELF = YES;
				CLANG_WARN_OBJC_LITERAL_CONVERSION = YES;
				CLANG_WARN_OBJC_ROOT_CLASS = YES_ERROR;
				CLANG_WARN_QUOTED_INCLUDE_IN_FRAMEWORK_HEADER = YES;
				CLANG_WARN_RANGE_LOOP_ANALYSIS = YES;
				CLANG_WARN_STRICT_PROTOTYPES = YES;
				CLANG_WARN_SUSPICIOUS_MOVE = YES;
				CLANG_WARN_UNGUARDED_AVAILABILITY = YES_AGGRESSIVE;
				CLANG_WARN_UNREACHABLE_CODE = YES;
				CLANG_WARN__DUPLICATE_METHOD_MATCH = YES;
				COPY_PHASE_STRIP = NO;
				DEAD_CODE_STRIPPING = YES;
				DEBUG_INFORMATION_FORMAT = "dwarf-with-dsym";
				DEVELOPMENT_TEAM = S5P3AKN3YC;
				ENABLE_NS_ASSERTIONS = NO;
				ENABLE_STRICT_OBJC_MSGSEND = YES;
				ENABLE_USER_SCRIPT_SANDBOXING = YES;
				GCC_C_LANGUAGE_STANDARD = gnu17;
				GCC_NO_COMMON_BLOCKS = YES;
				GCC_WARN_64_TO_32_BIT_CONVERSION = YES;
				GCC_WARN_ABOUT_RETURN_TYPE = YES_ERROR;
				GCC_WARN_UNDECLARED_SELECTOR = YES;
				GCC_WARN_UNINITIALIZED_AUTOS = YES_AGGRESSIVE;
				GCC_WARN_UNUSED_FUNCTION = YES;
				GCC_WARN_UNUSED_VARIABLE = YES;
				LOCALIZATION_PREFERS_STRING_CATALOGS = YES;
				MACOSX_DEPLOYMENT_TARGET = 26.0;
				MTL_ENABLE_DEBUG_INFO = NO;
				MTL_FAST_MATH = YES;
				SDKROOT = macosx;
				STRING_CATALOG_GENERATE_SYMBOLS = YES;
				SWIFT_COMPILATION_MODE = wholemodule;
				SWIFT_OPTIMIZATION_LEVEL = "-O";
			};
			name = Release;
		};
		383306AB2F2BE63E00228E6C /* Debug */ = {
			isa = XCBuildConfiguration;
			baseConfigurationReferenceAnchor = 383306862F2BE63D00228E6C /* Arclume */;
			baseConfigurationReferenceRelativePath = Config.xcconfig;
			buildSettings = {
				ASSETCATALOG_COMPILER_APPICON_NAME = Logo;
				"ASSETCATALOG_COMPILER_APPICON_NAME[sdk=macosx*]" = Logo;
				ASSETCATALOG_COMPILER_GLOBAL_ACCENT_COLOR_NAME = ArclumeAccentColor;
				ASSETCATALOG_COMPILER_INCLUDE_ALL_APPICON_ASSETS = NO;
				AUTOMATION_APPLE_EVENTS = YES;
				CODE_SIGN_IDENTITY = "Apple Development";
				"CODE_SIGN_IDENTITY[sdk=macosx*]" = "Apple Development";
				CODE_SIGN_STYLE = Automatic;
				COMBINE_HIDPI_IMAGES = YES;
				CURRENT_PROJECT_VERSION = 4;
				DEAD_CODE_STRIPPING = YES;
				DEVELOPMENT_TEAM = 8JFR5LUFAJ;
				ENABLE_APP_SANDBOX = NO;
				ENABLE_HARDENED_RUNTIME = YES;
				ENABLE_PREVIEWS = YES;
				ENABLE_RESOURCE_ACCESS_AUDIO_INPUT = NO;
				ENABLE_RESOURCE_ACCESS_CALENDARS = NO;
				ENABLE_RESOURCE_ACCESS_CAMERA = NO;
				ENABLE_RESOURCE_ACCESS_CONTACTS = NO;
				ENABLE_RESOURCE_ACCESS_LOCATION = NO;
				ENABLE_RESOURCE_ACCESS_PHOTO_LIBRARY = NO;
				FRAMEWORK_SEARCH_PATHS = (
					"$(inherited)",
					"$(PROJECT_DIR)/Arclume/Libs/d3dMetal3/external",
				);
				GENERATE_INFOPLIST_FILE = YES;
				INFOPLIST_FILE = Arclume/Info.plist;
				INFOPLIST_KEY_CFBundleDisplayName = Arclume;
				INFOPLIST_KEY_LSApplicationCategoryType = "public.app-category.utilities";
				INFOPLIST_KEY_NSAppleEventsUsageDescription = "Events are used to dynamically update your game library as soon as drive is disconnected or become available";
				INFOPLIST_KEY_NSHumanReadableCopyright = "";
				LD_RUNPATH_SEARCH_PATHS = (
					"$(inherited)",
					"@executable_path/../Frameworks",
				);
				LIBRARY_SEARCH_PATHS = (
					"$(inherited)",
					"$(PROJECT_DIR)/Arclume/Libs",
					"$(PROJECT_DIR)/Arclume/Libs/d3dMetal3/external",
				);
				MARKETING_VERSION = 1.0.2;
				PRODUCT_BUNDLE_IDENTIFIER = io.github.pigeonmuyz.arclume;
				PRODUCT_MODULE_NAME = Arclume;
				PRODUCT_NAME = Arclume;
				PROVISIONING_PROFILE_SPECIFIER = "";
				REGISTER_APP_GROUPS = YES;
				RUNTIME_EXCEPTION_ALLOW_DYLD_ENVIRONMENT_VARIABLES = NO;
				RUNTIME_EXCEPTION_ALLOW_JIT = NO;
				RUNTIME_EXCEPTION_ALLOW_UNSIGNED_EXECUTABLE_MEMORY = NO;
				RUNTIME_EXCEPTION_DEBUGGING_TOOL = YES;
				RUNTIME_EXCEPTION_DISABLE_EXECUTABLE_PAGE_PROTECTION = NO;
				RUNTIME_EXCEPTION_DISABLE_LIBRARY_VALIDATION = NO;
				STRING_CATALOG_GENERATE_SYMBOLS = YES;
				SWIFT_APPROACHABLE_CONCURRENCY = YES;
				SWIFT_DEFAULT_ACTOR_ISOLATION = MainActor;
				SWIFT_EMIT_LOC_STRINGS = YES;
				SWIFT_UPCOMING_FEATURE_MEMBER_IMPORT_VISIBILITY = YES;
				SWIFT_VERSION = 5.0;
			};
			name = Debug;
		};
		383306AC2F2BE63E00228E6C /* Release */ = {
			isa = XCBuildConfiguration;
			baseConfigurationReferenceAnchor = 383306862F2BE63D00228E6C /* Arclume */;
			baseConfigurationReferenceRelativePath = Config.xcconfig;
			buildSettings = {
				ASSETCATALOG_COMPILER_APPICON_NAME = Logo;
				"ASSETCATALOG_COMPILER_APPICON_NAME[sdk=macosx*]" = Logo;
				ASSETCATALOG_COMPILER_GLOBAL_ACCENT_COLOR_NAME = ArclumeAccentColor;
				ASSETCATALOG_COMPILER_INCLUDE_ALL_APPICON_ASSETS = NO;
				AUTOMATION_APPLE_EVENTS = YES;
				CODE_SIGN_IDENTITY = "Apple Development";
				"CODE_SIGN_IDENTITY[sdk=macosx*]" = "Apple Development";
				CODE_SIGN_STYLE = Automatic;
				COMBINE_HIDPI_IMAGES = YES;
				CURRENT_PROJECT_VERSION = 4;
				DEAD_CODE_STRIPPING = YES;
				DEVELOPMENT_TEAM = 8JFR5LUFAJ;
				ENABLE_APP_SANDBOX = NO;
				ENABLE_HARDENED_RUNTIME = YES;
				ENABLE_PREVIEWS = YES;
				ENABLE_RESOURCE_ACCESS_AUDIO_INPUT = NO;
				ENABLE_RESOURCE_ACCESS_CALENDARS = NO;
				ENABLE_RESOURCE_ACCESS_CAMERA = NO;
				ENABLE_RESOURCE_ACCESS_CONTACTS = NO;
				ENABLE_RESOURCE_ACCESS_LOCATION = NO;
				ENABLE_RESOURCE_ACCESS_PHOTO_LIBRARY = NO;
				FRAMEWORK_SEARCH_PATHS = (
					"$(inherited)",
					"$(PROJECT_DIR)/Arclume/Libs/d3dMetal3/external",
				);
				GENERATE_INFOPLIST_FILE = YES;
				INFOPLIST_FILE = Arclume/Info.plist;
				INFOPLIST_KEY_CFBundleDisplayName = Arclume;
				INFOPLIST_KEY_LSApplicationCategoryType = "public.app-category.utilities";
				INFOPLIST_KEY_NSAppleEventsUsageDescription = "Events are used to dynamically update your game library as soon as drive is disconnected or become available";
				INFOPLIST_KEY_NSHumanReadableCopyright = "";
				LD_RUNPATH_SEARCH_PATHS = (
					"$(inherited)",
					"@executable_path/../Frameworks",
				);
				LIBRARY_SEARCH_PATHS = (
					"$(inherited)",
					"$(PROJECT_DIR)/Arclume/Libs",
					"$(PROJECT_DIR)/Arclume/Libs/d3dMetal3/external",
				);
				MARKETING_VERSION = 1.0.2;
				PRODUCT_BUNDLE_IDENTIFIER = io.github.pigeonmuyz.arclume;
				PRODUCT_MODULE_NAME = Arclume;
				PRODUCT_NAME = Arclume;
				PROVISIONING_PROFILE_SPECIFIER = "";
				REGISTER_APP_GROUPS = YES;
				RUNTIME_EXCEPTION_ALLOW_DYLD_ENVIRONMENT_VARIABLES = NO;
				RUNTIME_EXCEPTION_ALLOW_JIT = NO;
				RUNTIME_EXCEPTION_ALLOW_UNSIGNED_EXECUTABLE_MEMORY = NO;
				RUNTIME_EXCEPTION_DEBUGGING_TOOL = YES;
				RUNTIME_EXCEPTION_DISABLE_EXECUTABLE_PAGE_PROTECTION = NO;
				RUNTIME_EXCEPTION_DISABLE_LIBRARY_VALIDATION = NO;
				STRING_CATALOG_GENERATE_SYMBOLS = YES;
				SWIFT_APPROACHABLE_CONCURRENCY = YES;
				SWIFT_DEFAULT_ACTOR_ISOLATION = MainActor;
				SWIFT_EMIT_LOC_STRINGS = YES;
				SWIFT_UPCOMING_FEATURE_MEMBER_IMPORT_VISIBILITY = YES;
				SWIFT_VERSION = 5.0;
			};
			name = Release;
		};
		383306AE2F2BE63E00228E6C /* Debug */ = {
			isa = XCBuildConfiguration;
			buildSettings = {
				BUNDLE_LOADER = "$(TEST_HOST)";
				CODE_SIGN_STYLE = Automatic;
				CURRENT_PROJECT_VERSION = 1;
				DEAD_CODE_STRIPPING = YES;
				DEVELOPMENT_TEAM = S5P3AKN3YC;
				GENERATE_INFOPLIST_FILE = YES;
				MACOSX_DEPLOYMENT_TARGET = 26.0;
				MARKETING_VERSION = 1.0;
				PRODUCT_BUNDLE_IDENTIFIER = io.github.pigeonmuyz.arclume.tests;
				PRODUCT_NAME = "$(TARGET_NAME)";
				STRING_CATALOG_GENERATE_SYMBOLS = NO;
				SWIFT_APPROACHABLE_CONCURRENCY = YES;
				SWIFT_EMIT_LOC_STRINGS = NO;
				SWIFT_UPCOMING_FEATURE_MEMBER_IMPORT_VISIBILITY = YES;
				SWIFT_VERSION = 5.0;
				TEST_HOST = "$(BUILT_PRODUCTS_DIR)/Arclume.app/Contents/MacOS/Arclume";
			};
			name = Debug;
		};
		383306AF2F2BE63E00228E6C /* Release */ = {
			isa = XCBuildConfiguration;
			buildSettings = {
				BUNDLE_LOADER = "$(TEST_HOST)";
				CODE_SIGN_STYLE = Automatic;
				CURRENT_PROJECT_VERSION = 1;
				DEAD_CODE_STRIPPING = YES;
				DEVELOPMENT_TEAM = S5P3AKN3YC;
				GENERATE_INFOPLIST_FILE = YES;
				MACOSX_DEPLOYMENT_TARGET = 26.0;
				MARKETING_VERSION = 1.0;
				PRODUCT_BUNDLE_IDENTIFIER = io.github.pigeonmuyz.arclume.tests;
				PRODUCT_NAME = "$(TARGET_NAME)";
				STRING_CATALOG_GENERATE_SYMBOLS = NO;
				SWIFT_APPROACHABLE_CONCURRENCY = YES;
				SWIFT_EMIT_LOC_STRINGS = NO;
				SWIFT_UPCOMING_FEATURE_MEMBER_IMPORT_VISIBILITY = YES;
				SWIFT_VERSION = 5.0;
				TEST_HOST = "$(BUILT_PRODUCTS_DIR)/Arclume.app/Contents/MacOS/Arclume";
			};
			name = Release;
		};
		383306B12F2BE63E00228E6C /* Debug */ = {
			isa = XCBuildConfiguration;
			buildSettings = {
				CODE_SIGN_STYLE = Automatic;
				CURRENT_PROJECT_VERSION = 1;
				DEAD_CODE_STRIPPING = YES;
				DEVELOPMENT_TEAM = S5P3AKN3YC;
				GENERATE_INFOPLIST_FILE = YES;
				MARKETING_VERSION = 1.0;
				PRODUCT_BUNDLE_IDENTIFIER = io.github.pigeonmuyz.arclume.uitests;
				PRODUCT_NAME = "$(TARGET_NAME)";
				STRING_CATALOG_GENERATE_SYMBOLS = NO;
				SWIFT_APPROACHABLE_CONCURRENCY = YES;
				SWIFT_EMIT_LOC_STRINGS = NO;
				SWIFT_UPCOMING_FEATURE_MEMBER_IMPORT_VISIBILITY = YES;
				SWIFT_VERSION = 5.0;
				TEST_TARGET_NAME = Arclume;
			};
			name = Debug;
		};
		383306B22F2BE63E00228E6C /* Release */ = {
			isa = XCBuildConfiguration;
			buildSettings = {
				CODE_SIGN_STYLE = Automatic;
				CURRENT_PROJECT_VERSION = 1;
				DEAD_CODE_STRIPPING = YES;
				DEVELOPMENT_TEAM = S5P3AKN3YC;
				GENERATE_INFOPLIST_FILE = YES;
				MARKETING_VERSION = 1.0;
				PRODUCT_BUNDLE_IDENTIFIER = io.github.pigeonmuyz.arclume.uitests;
				PRODUCT_NAME = "$(TARGET_NAME)";
				STRING_CATALOG_GENERATE_SYMBOLS = NO;
				SWIFT_APPROACHABLE_CONCURRENCY = YES;
				SWIFT_EMIT_LOC_STRINGS = NO;
				SWIFT_UPCOMING_FEATURE_MEMBER_IMPORT_VISIBILITY = YES;
				SWIFT_VERSION = 5.0;
				TEST_TARGET_NAME = Arclume;
			};
			name = Release;
		};
/* End XCBuildConfiguration section */

/* Begin XCConfigurationList section */
		3833067F2F2BE63D00228E6C /* Build configuration list for PBXProject "Arclume" */ = {
			isa = XCConfigurationList;
			buildConfigurations = (
				383306A82F2BE63E00228E6C /* Debug */,
				383306A92F2BE63E00228E6C /* Release */,
			);
			defaultConfigurationIsVisible = 0;
			defaultConfigurationName = Release;
		};
		383306AA2F2BE63E00228E6C /* Build configuration list for PBXNativeTarget "Arclume" */ = {
			isa = XCConfigurationList;
			buildConfigurations = (
				383306AB2F2BE63E00228E6C /* Debug */,
				383306AC2F2BE63E00228E6C /* Release */,
			);
			defaultConfigurationIsVisible = 0;
			defaultConfigurationName = Release;
		};
		383306AD2F2BE63E00228E6C /* Build configuration list for PBXNativeTarget "ArclumeTests" */ = {
			isa = XCConfigurationList;
			buildConfigurations = (
				383306AE2F2BE63E00228E6C /* Debug */,
				383306AF2F2BE63E00228E6C /* Release */,
			);
			defaultConfigurationIsVisible = 0;
			defaultConfigurationName = Release;
		};
		383306B02F2BE63E00228E6C /* Build configuration list for PBXNativeTarget "ArclumeUITests" */ = {
			isa = XCConfigurationList;
			buildConfigurations = (
				383306B12F2BE63E00228E6C /* Debug */,
				383306B22F2BE63E00228E6C /* Release */,
			);
			defaultConfigurationIsVisible = 0;
			defaultConfigurationName = Release;
		};
/* End XCConfigurationList section */

/* Begin XCRemoteSwiftPackageReference section */
		3826402E2F2F655600E1FCC0 /* XCRemoteSwiftPackageReference "SwiftUI-Flow" */ = {
			isa = XCRemoteSwiftPackageReference;
			repositoryURL = "https://github.com/tevelee/SwiftUI-Flow";
			requirement = {
				kind = upToNextMajorVersion;
				minimumVersion = 3.1.1;
			};
		};
		385777BB2F30B37200346515 /* XCRemoteSwiftPackageReference "Alamofire" */ = {
			isa = XCRemoteSwiftPackageReference;
			repositoryURL = "https://github.com/Alamofire/Alamofire.git";
			requirement = {
				kind = upToNextMajorVersion;
				minimumVersion = 5.11.1;
			};
		};
		385A91CC2F2D1561006CCF47 /* XCRemoteSwiftPackageReference "Kingfisher" */ = {
			isa = XCRemoteSwiftPackageReference;
			repositoryURL = "https://github.com/onevcat/Kingfisher";
			requirement = {
				kind = upToNextMajorVersion;
				minimumVersion = 8.6.2;
			};
		};
/* End XCRemoteSwiftPackageReference section */

/* Begin XCSwiftPackageProductDependency section */
		3826404D2F2F67A500E1FCC0 /* Flow */ = {
			isa = XCSwiftPackageProductDependency;
			package = 3826402E2F2F655600E1FCC0 /* XCRemoteSwiftPackageReference "SwiftUI-Flow" */;
			productName = Flow;
		};
		385777BC2F30B37200346515 /* Alamofire */ = {
			isa = XCSwiftPackageProductDependency;
			package = 385777BB2F30B37200346515 /* XCRemoteSwiftPackageReference "Alamofire" */;
			productName = Alamofire;
		};
		385A91CD2F2D1561006CCF47 /* Kingfisher */ = {
			isa = XCSwiftPackageProductDependency;
			package = 385A91CC2F2D1561006CCF47 /* XCRemoteSwiftPackageReference "Kingfisher" */;
			productName = Kingfisher;
		};
/* End XCSwiftPackageProductDependency section */
	};
	rootObject = 3833067C2F2BE63D00228E6C /* Project object */;
}
